# This file was autogenerated by Stack.
# You should not edit this file by hand.
# For more information, please see the documentation at:
#   https://docs.haskellstack.org/en/stable/lock_files

packages:
- completed:
    size: 88815
    url: https://github.com/lettier/webviewhs/archive/21ddd4b4872b2e7eb50c9735e70cfbdedf2c6c1a.tar.gz
    name: webviewhs
    version: 0.1.0.0
    sha256: 22ae32733f4d6ee9d2426bbac744738d501daff3cb3634fc8e95b8de15d3655d
    pantry-tree:
      size: 4168
      sha256: 3b13369a771be7e6b7554ae23b311f80e256c8dece6cbf69674a7c63bcedde61
  original:
    url: https://github.com/lettier/webviewhs/archive/21ddd4b4872b2e7eb50c9735e70cfbdedf2c6c1a.tar.gz
snapshots:
- completed:
    size: 531696
    url: https://raw.githubusercontent.com/commercialhaskell/stackage-snapshots/master/lts/16/3.yaml
    sha256: 65e3a94c65ad07fa1913649e3f1e36c4af51bf528a5d9fd217bdc1b46d0477cc
  original: lts-16.3
