# This file was autogenerated by Stack.
# You should not edit this file by hand.
# For more information, please see the documentation at:
#   https://docs.haskellstack.org/en/stable/lock_files

packages:
- completed:
    size: 88815
    url: https://github.com/lettier/webviewhs/archive/21ddd4b4872b2e7eb50c9735e70cfbdedf2c6c1a.tar.gz
    cabal-file:
      size: 1862
      sha256: 062cbd93fd45d1d4936447ce696a91303fc046d84172ddc5c05badbbe23bf48c
    name: webviewhs
    version: 0.1.0.0
    sha256: 22ae32733f4d6ee9d2426bbac744738d501daff3cb3634fc8e95b8de15d3655d
    pantry-tree:
      size: 4168
      sha256: 3b13369a771be7e6b7554ae23b311f80e256c8dece6cbf69674a7c63bcedde61
  original:
    url: https://github.com/lettier/webviewhs/archive/21ddd4b4872b2e7eb50c9735e70cfbdedf2c6c1a.tar.gz
snapshots:
- completed:
    size: 524789
    url: https://raw.githubusercontent.com/commercialhaskell/stackage-snapshots/master/lts/14/18.yaml
    sha256: 646be71223e08234131c6989912e6011e01b9767bc447b6d466a35e14360bdf2
  original: lts-14.18
